{
  "name": "kwalbum",
  "version": "1.0.0",
  "lockfileVersion": 1,
  "requires": true,
  "dependencies": {
    "blueimp-canvas-to-blob": {
      "version": "3.27.0",
      "resolved": "https://registry.npmjs.org/blueimp-canvas-to-blob/-/blueimp-canvas-to-blob-3.27.0.tgz",
      "integrity": "sha512-AcIj+hCw6WquxzJuzC6KzgYmqxLFeTWe88KuY2BEIsW1zbEOfoinDAGlhyvFNGt+U3JElkVSK7anA1FaSdmmfA==",
      "optional": true
    },
    "blueimp-file-upload": {
      "version": "10.30.1",
      "resolved": "https://registry.npmjs.org/blueimp-file-upload/-/blueimp-file-upload-10.30.1.tgz",
      "integrity": "sha512-fTzTqTHzUaLRE5WXTQBTSgWvKFm11//ABxdPUxEi/MfCwAZj//dfy0cfhMFhQJO605tDWvbFU5iOKB4xcO7OJw==",
      "requires": {
        "blueimp-canvas-to-blob": "3",
        "blueimp-load-image": "5",
        "blueimp-tmpl": "3"
      }
    },
    "blueimp-load-image": {
      "version": "5.13.0",
      "resolved": "https://registry.npmjs.org/blueimp-load-image/-/blueimp-load-image-5.13.0.tgz",
      "integrity": "sha512-CMmLihVqW0AtRGObKIRxYaVUj+2hw2MkeNHoD2JuobpKZFnCCUVCBIeyYkh8xiq3DHIfHfvsp9l0VpM30k3EXQ==",
      "optional": true
    },
    "blueimp-tmpl": {
      "version": "3.17.0",
      "resolved": "https://registry.npmjs.org/blueimp-tmpl/-/blueimp-tmpl-3.17.0.tgz",
      "integrity": "sha512-rqj27a+sA+HFMK+96MXSnhoFhQ+sbI7/6ktcEZ1Z0wXQ6Z9Tr2NJm6W1OUQs20CBxuGeMhWtcHIHS/bHeE0B3Q==",
      "optional": true
    }
  }
}
